{
    "_readme": [
        "This file locks the dependencies of your project to a known state",
        "Read more about it at https://getcomposer.org/doc/01-basic-usage.md#installing-dependencies",
        "This file is @generated automatically"
    ],
    "content-hash": "bea839695d286b532a3beb921e84b8d9",
    "packages": [
        {
            "name": "paquettg/string-encode",
            "version": "0.1.1",
            "source": {
                "type": "git",
                "url": "https://github.com/paquettg/string-encoder.git",
                "reference": "cf08343649701979f581c1601d01247fa3782439"
            },
            "dist": {
                "type": "zip",
                "url": "https://api.github.com/repos/paquettg/string-encoder/zipball/cf08343649701979f581c1601d01247fa3782439",
                "reference": "cf08343649701979f581c1601d01247fa3782439",
                "shasum": ""
            },
            "require": {
                "php": ">=5.4"
            },
            "require-dev": {
                "phpunit/phpunit": "3.7.*"
            },
            "type": "library",
            "autoload": {
                "psr-0": {
                    "stringEncode": "src/"
                }
            },
            "notification-url": "https://packagist.org/downloads/",
            "license": [
                "MIT"
            ],
            "authors": [
                {
                    "name": "Gilles Paquette",
                    "email": "paquettg@gmail.com",
                    "homepage": "http://gillespaquette.ca"
                }
            ],
            "description": "Facilitating the process of altering string encoding in PHP.",
            "homepage": "https://github.com/paquettg/string-encoder",
            "keywords": [
                "charset",
                "encoding",
                "string"
            ],
            "time": "2014-05-29T18:38:09+00:00"
        },
        {
            "name": "thesoftwarefanatics/php-html-parser",
            "version": "1.8.1",
            "source": {
                "type": "git",
                "url": "https://github.com/thesoftwarefanatics/php-html-parser.git",
                "reference": "2dff8676821bdbc309f64980a96b4c62020c79c3"
            },
            "dist": {
                "type": "zip",
                "url": "https://api.github.com/repos/thesoftwarefanatics/php-html-parser/zipball/2dff8676821bdbc309f64980a96b4c62020c79c3",
                "reference": "2dff8676821bdbc309f64980a96b4c62020c79c3",
                "shasum": ""
            },
            "require": {
                "paquettg/string-encode": "^0.1.1",
                "php": "^7.1"
            },
            "replace": {
                "paquettg/php-html-parser": "self.version"
            },
            "require-dev": {
                "mockery/mockery": "^1.0",
                "php-coveralls/php-coveralls": "^2.0",
                "phpunit/phpunit": "^6.5"
            },
            "type": "library",
            "extra": {
                "branch-alias": {
                    "dev-master": "1.8.x-dev"
                }
            },
            "autoload": {
                "psr-0": {
                    "PHPHtmlParser": "src/"
                }
            },
            "notification-url": "https://packagist.org/downloads/",
            "license": [
                "MIT"
            ],
            "authors": [
                {
                    "name": "Gilles Paquette",
                    "email": "paquettg@gmail.com",
                    "homepage": "http://gillespaquette.ca"
                },
                {
                    "name": "The Software Fanatics GmbH",
                    "email": "dev@thesoftwarefanatics.com",
                    "homepage": "https://thesoftwarefanatics.com"
                }
            ],
            "description": "An HTML DOM parser. It allows you to manipulate HTML. Find tags on an HTML page with selectors just like jQuery.",
            "homepage": "https://github.com/thesoftwarefanatics/php-html-parser",
            "keywords": [
                "dom",
                "html",
                "parser"
            ],
            "time": "2018-12-21T07:45:56+00:00"
        },
        {
            "name": "tunaabutbul/cloudflare-middleware",
            "version": "v1.2",
            "source": {
                "type": "git",
                "url": "https://github.com/tunaabutbul/cloudflare-middleware.git",
                "reference": "05a88cf070f041d501a2d8fc3c01bb66ffc63b15"
            },
            "dist": {
                "type": "zip",
                "url": "https://api.github.com/repos/tunaabutbul/cloudflare-middleware/zipball/05a88cf070f041d501a2d8fc3c01bb66ffc63b15",
                "reference": "05a88cf070f041d501a2d8fc3c01bb66ffc63b15",
                "shasum": ""
            },
            "require": {
                "guzzlehttp/guzzle": "6.3.*",
                "php": ">=5.6"
            },
            "type": "library",
            "autoload": {
                "psr-4": {
                    "Tuna\\": "src/"
                }
            },
            "notification-url": "https://packagist.org/downloads/",
            "license": [
                "MIT"
            ],
            "authors": [
                {
                    "name": "Tuna Abutbul",
                    "email": "tuna.abutbul+github@gmail.com"
                }
            ],
            "description": "Cloudflare Middleware For Guzzle",
            "keywords": [
                "Guzzle",
                "cloudflare",
                "middleware"
            ],
            "time": "2018-02-07T09:18:26+00:00"
        },
        {
            "name": "xfapi/xfapi-php",
            "version": "0.1.0-alpha.1",
            "source": {
                "type": "git",
                "url": "https://github.com/xfapi/xfapi-php.git",
                "reference": "d8c61d2608000a9d62db970e937e7d3d132f01e0"
            },
            "dist": {
                "type": "zip",
                "url": "https://api.github.com/repos/xfapi/xfapi-php/zipball/d8c61d2608000a9d62db970e937e7d3d132f01e0",
                "reference": "d8c61d2608000a9d62db970e937e7d3d132f01e0",
                "shasum": ""
            },
            "require": {
                "ext-json": "*",
                "guzzlehttp/guzzle": "^6.3",
                "php": ">=5.6.0"
            },
            "require-dev": {
                "phpunit/phpunit": "^5",
                "symfony/var-dumper": "^4.2"
            },
            "type": "library",
            "autoload": {
                "psr-4": {
                    "XFApi\\": "src"
                }
            },
            "notification-url": "https://packagist.org/downloads/",
            "license": [
                "MIT"
            ],
            "authors": [
                {
                    "name": "Jake Booher",
                    "email": "jakebooher@protonmail.com"
                },
                {
                    "name": "Lukas Wieditz"
                }
            ],
            "description": "A PHP library for XenForo's REST API",
            "time": "2019-02-18T23:03:50+00:00"
        }
    ],
    "packages-dev": [],
    "aliases": [],
    "minimum-stability": "stable",
    "stability-flags": {
        "xfapi/xfapi-php": 15
    },
    "prefer-stable": false,
    "prefer-lowest": false,
    "platform": [],
    "platform-dev": []
}
